{
  "name": "reusable-components",
  "version": "1.20.0",
  "lockfileVersion": 2,
  "requires": true,
  "packages": {
    "": {
      "version": "1.20.0",
      "license": "ISC",
      "dependencies": {
        "diff-dom": "^4.1.6",
        "lodash": "^4.17.15"
      },
      "devDependencies": {}
    },
    "node_modules/diff-dom": {
      "version": "4.2.5",
      "resolved": "https://registry.npmjs.org/diff-dom/-/diff-dom-4.2.5.tgz",
      "integrity": "sha512-muGbiH5Mkj+bCigiG4x8tGES1JQQHp8UpAEaemOqfQkiwtCxKqDYPOeqBzoTRG+L7mKwHgTPY2WBlgOnnnUmAw=="
    },
    "node_modules/lodash": {
      "version": "4.17.21",
      "resolved": "https://registry.npmjs.org/lodash/-/lodash-4.17.21.tgz",
      "integrity": "sha512-v2kDEe57lecTulaDIuNTPy3Ry4gLGJ6Z1O3vE1krgXZNrsQ+LFTGHVxVjcXPs17LhbZVGedAJv8XZ1tvj5FvSg=="
    }
  },
  "dependencies": {
    "diff-dom": {
      "version": "4.2.5",
      "resolved": "https://registry.npmjs.org/diff-dom/-/diff-dom-4.2.5.tgz",
      "integrity": "sha512-muGbiH5Mkj+bCigiG4x8tGES1JQQHp8UpAEaemOqfQkiwtCxKqDYPOeqBzoTRG+L7mKwHgTPY2WBlgOnnnUmAw=="
    },
    "lodash": {
      "version": "4.17.21",
      "resolved": "https://registry.npmjs.org/lodash/-/lodash-4.17.21.tgz",
      "integrity": "sha512-v2kDEe57lecTulaDIuNTPy3Ry4gLGJ6Z1O3vE1krgXZNrsQ+LFTGHVxVjcXPs17LhbZVGedAJv8XZ1tvj5FvSg=="
    }
  }
}
